
Microsoft Visual Studio Solution File, Format Version 12.00
# Visual Studio 14
VisualStudioVersion = 14.0.23107.0
MinimumVisualStudioVersion = 10.0.40219.1
Project("{FAE04EC0-301F-11D3-BF4B-00C04F79EFBC}") = "Encel", "Encel\Encel.csproj", "{89EB5F10-36EE-4BF1-BFD4-DED2F2FB6254}"
EndProject
Project("{2150E333-8FDC-42A3-9474-1A3956D46DE8}") = ".nuspec", ".nuspec", "{7387BAD4-6A03-4BDE-A656-C4CD2F33D49C}"
	ProjectSection(SolutionItems) = preProject
		NuSpec\Encel.Core.nuspec = NuSpec\Encel.Core.nuspec
		NuSpec\Encel.Logging.NLog.nuspec = NuSpec\Encel.Logging.NLog.nuspec
		NuSpec\Encel.nuspec = NuSpec\Encel.nuspec
	EndProjectSection
EndProject
Project("{FAE04EC0-301F-11D3-BF4B-00C04F79EFBC}") = "Encel.TemplateSite", "Encel.TemplateSite\Encel.TemplateSite.csproj", "{B95FDDBB-DB8D-4D92-8F16-CE9450F0FCEB}"
EndProject
Project("{FAE04EC0-301F-11D3-BF4B-00C04F79EFBC}") = "Encel.Logging.NLog", "Encel.Logging.NLog\Encel.Logging.NLog.csproj", "{21802FB6-A1CB-435F-AC70-9CFFCD2B2E9B}"
EndProject
Project("{2150E333-8FDC-42A3-9474-1A3956D46DE8}") = "tools", "tools", "{4AC37098-53D5-46B0-B848-52E24AEBD792}"
	ProjectSection(SolutionItems) = preProject
		NuSpec\Tools\Install.ps1 = NuSpec\Tools\Install.ps1
	EndProjectSection
EndProject
Global
	GlobalSection(SolutionConfigurationPlatforms) = preSolution
		Debug|Any CPU = Debug|Any CPU
		Release|Any CPU = Release|Any CPU
	EndGlobalSection
	GlobalSection(ProjectConfigurationPlatforms) = postSolution
		{89EB5F10-36EE-4BF1-BFD4-DED2F2FB6254}.Debug|Any CPU.ActiveCfg = Debug|Any CPU
		{89EB5F10-36EE-4BF1-BFD4-DED2F2FB6254}.Debug|Any CPU.Build.0 = Debug|Any CPU
		{89EB5F10-36EE-4BF1-BFD4-DED2F2FB6254}.Release|Any CPU.ActiveCfg = Release|Any CPU
		{89EB5F10-36EE-4BF1-BFD4-DED2F2FB6254}.Release|Any CPU.Build.0 = Release|Any CPU
		{B95FDDBB-DB8D-4D92-8F16-CE9450F0FCEB}.Debug|Any CPU.ActiveCfg = Debug|Any CPU
		{B95FDDBB-DB8D-4D92-8F16-CE9450F0FCEB}.Debug|Any CPU.Build.0 = Debug|Any CPU
		{B95FDDBB-DB8D-4D92-8F16-CE9450F0FCEB}.Release|Any CPU.ActiveCfg = Release|Any CPU
		{B95FDDBB-DB8D-4D92-8F16-CE9450F0FCEB}.Release|Any CPU.Build.0 = Release|Any CPU
		{21802FB6-A1CB-435F-AC70-9CFFCD2B2E9B}.Debug|Any CPU.ActiveCfg = Debug|Any CPU
		{21802FB6-A1CB-435F-AC70-9CFFCD2B2E9B}.Debug|Any CPU.Build.0 = Debug|Any CPU
		{21802FB6-A1CB-435F-AC70-9CFFCD2B2E9B}.Release|Any CPU.ActiveCfg = Release|Any CPU
		{21802FB6-A1CB-435F-AC70-9CFFCD2B2E9B}.Release|Any CPU.Build.0 = Release|Any CPU
	EndGlobalSection
	GlobalSection(SolutionProperties) = preSolution
		HideSolutionNode = FALSE
	EndGlobalSection
	GlobalSection(NestedProjects) = preSolution
		{4AC37098-53D5-46B0-B848-52E24AEBD792} = {7387BAD4-6A03-4BDE-A656-C4CD2F33D49C}
	EndGlobalSection
EndGlobal
